// !$*UTF8*$!
{
	archiveVersion = 1;
	classes = {
	};
	objectVersion = 45;
	objects = {

/* Begin PBXBuildFile section */
		1D3623260D0F684500981E51 /* BambooPanicAppDelegate.m in Sources */ = {isa = PBXBuildFile; fileRef = 1D3623250D0F684500981E51 /* BambooPanicAppDelegate.m */; };
		1D60589B0D05DD56006BFB54 /* main.m in Sources */ = {isa = PBXBuildFile; fileRef = 29B97316FDCFA39411CA2CEA /* main.m */; };
		1D60589F0D05DD5A006BFB54 /* Foundation.framework in Frameworks */ = {isa = PBXBuildFile; fileRef = 1D30AB110D05D00D00671497 /* Foundation.framework */; };
		1DF5F4E00D08C38300B7A737 /* UIKit.framework in Frameworks */ = {isa = PBXBuildFile; fileRef = 1DF5F4DF0D08C38300B7A737 /* UIKit.framework */; };
		288765A50DF7441C002DB57D /* CoreGraphics.framework in Frameworks */ = {isa = PBXBuildFile; fileRef = 288765A40DF7441C002DB57D /* CoreGraphics.framework */; };
		2899E5220DE3E06400AC0155 /* BambooPanicViewController.xib in Resources */ = {isa = PBXBuildFile; fileRef = 2899E5210DE3E06400AC0155 /* BambooPanicViewController.xib */; };
		28AD733F0D9D9553002E5188 /* MainWindow.xib in Resources */ = {isa = PBXBuildFile; fileRef = 28AD733E0D9D9553002E5188 /* MainWindow.xib */; };
		28D7ACF80DDB3853001CB0EB /* BambooPanicViewController.m in Sources */ = {isa = PBXBuildFile; fileRef = 28D7ACF70DDB3853001CB0EB /* BambooPanicViewController.m */; };
		FC1DDE5B105525D0005F38CA /* button1.png in Resources */ = {isa = PBXBuildFile; fileRef = FC1DDE5A105525D0005F38CA /* button1.png */; };
		FC1DDE5D105525E0005F38CA /* button2.png in Resources */ = {isa = PBXBuildFile; fileRef = FC1DDE5C105525E0005F38CA /* button2.png */; };
		FC2C08B4102AF4A4004D0DE3 /* hole_cover.png in Resources */ = {isa = PBXBuildFile; fileRef = FC2C08B3102AF4A4004D0DE3 /* hole_cover.png */; };
		FC2C08B6102AF4BB004D0DE3 /* man01.png in Resources */ = {isa = PBXBuildFile; fileRef = FC2C08B5102AF4BB004D0DE3 /* man01.png */; };
		FC2D2D2F104BE550003E5DCF /* help.png in Resources */ = {isa = PBXBuildFile; fileRef = FC2D2D2E104BE550003E5DCF /* help.png */; };
		FC2D2D31104BE55E003E5DCF /* info.png in Resources */ = {isa = PBXBuildFile; fileRef = FC2D2D30104BE55E003E5DCF /* info.png */; };
		FC2D800C1039568B00623790 /* splash.png in Resources */ = {isa = PBXBuildFile; fileRef = FC2D800B1039568B00623790 /* splash.png */; };
		FC2D803B1039600400623790 /* menu.png in Resources */ = {isa = PBXBuildFile; fileRef = FC2D803A1039600400623790 /* menu.png */; };
		FC31BF09103EA80900D1060C /* swish.wav in Resources */ = {isa = PBXBuildFile; fileRef = FC31BF08103EA80900D1060C /* swish.wav */; };
		FC31BF11103EA99E00D1060C /* step.wav in Resources */ = {isa = PBXBuildFile; fileRef = FC31BF10103EA99E00D1060C /* step.wav */; };
		FCDF593710454DEF0015FDFF /* bamboo.ttf in Resources */ = {isa = PBXBuildFile; fileRef = FCDF593610454DEF0015FDFF /* bamboo.ttf */; };
		FCEA06B0102C3564002A2267 /* Icon.png in Resources */ = {isa = PBXBuildFile; fileRef = FCEA06AF102C3564002A2267 /* Icon.png */; };
		FCEA06C2102C388A002A2267 /* fall.wav in Resources */ = {isa = PBXBuildFile; fileRef = FCEA06C1102C388A002A2267 /* fall.wav */; };
		FCEA0711102C3EB8002A2267 /* LittleMan.m in Sources */ = {isa = PBXBuildFile; fileRef = FCEA0710102C3EB8002A2267 /* LittleMan.m */; };
		FCEA08E6102D912F002A2267 /* man02.png in Resources */ = {isa = PBXBuildFile; fileRef = FCEA08E5102D912F002A2267 /* man02.png */; };
		FCEA1E99102AEFC800D2E018 /* tick.wav in Resources */ = {isa = PBXBuildFile; fileRef = FCEA1E98102AEFC800D2E018 /* tick.wav */; };
		FCEA1E9B102AEFEC00D2E018 /* tock.wav in Resources */ = {isa = PBXBuildFile; fileRef = FCEA1E9A102AEFEC00D2E018 /* tock.wav */; };
		FCEA1EA9102AF02C00D2E018 /* SoundEffect.m in Sources */ = {isa = PBXBuildFile; fileRef = FCEA1EA8102AF02C00D2E018 /* SoundEffect.m */; };
		FCEA1EBA102AF0D700D2E018 /* AudioToolbox.framework in Frameworks */ = {isa = PBXBuildFile; fileRef = FCEA1EB9102AF0D700D2E018 /* AudioToolbox.framework */; };
		FCEA1EE4102AF2AE00D2E018 /* background.png in Resources */ = {isa = PBXBuildFile; fileRef = FCEA1EE3102AF2AE00D2E018 /* background.png */; };
/* End PBXBuildFile section */

/* Begin PBXFileReference section */
		1D30AB110D05D00D00671497 /* Foundation.framework */ = {isa = PBXFileReference; lastKnownFileType = wrapper.framework; name = Foundation.framework; path = System/Library/Frameworks/Foundation.framework; sourceTree = SDKROOT; };
		1D3623240D0F684500981E51 /* BambooPanicAppDelegate.h */ = {isa = PBXFileReference; fileEncoding = 4; lastKnownFileType = sourcecode.c.h; path = BambooPanicAppDelegate.h; sourceTree = "<group>"; };
		1D3623250D0F684500981E51 /* BambooPanicAppDelegate.m */ = {isa = PBXFileReference; fileEncoding = 4; lastKnownFileType = sourcecode.c.objc; path = BambooPanicAppDelegate.m; sourceTree = "<group>"; };
		1D6058910D05DD3D006BFB54 /* BambooPanic.app */ = {isa = PBXFileReference; explicitFileType = wrapper.application; includeInIndex = 0; path = BambooPanic.app; sourceTree = BUILT_PRODUCTS_DIR; };
		1DF5F4DF0D08C38300B7A737 /* UIKit.framework */ = {isa = PBXFileReference; lastKnownFileType = wrapper.framework; name = UIKit.framework; path = System/Library/Frameworks/UIKit.framework; sourceTree = SDKROOT; };
		288765A40DF7441C002DB57D /* CoreGraphics.framework */ = {isa = PBXFileReference; lastKnownFileType = wrapper.framework; name = CoreGraphics.framework; path = System/Library/Frameworks/CoreGraphics.framework; sourceTree = SDKROOT; };
		2899E5210DE3E06400AC0155 /* BambooPanicViewController.xib */ = {isa = PBXFileReference; lastKnownFileType = file.xib; path = BambooPanicViewController.xib; sourceTree = "<group>"; };
		28AD733E0D9D9553002E5188 /* MainWindow.xib */ = {isa = PBXFileReference; lastKnownFileType = file.xib; path = MainWindow.xib; sourceTree = "<group>"; };
		28D7ACF60DDB3853001CB0EB /* BambooPanicViewController.h */ = {isa = PBXFileReference; fileEncoding = 4; lastKnownFileType = sourcecode.c.h; path = BambooPanicViewController.h; sourceTree = "<group>"; };
		28D7ACF70DDB3853001CB0EB /* BambooPanicViewController.m */ = {isa = PBXFileReference; fileEncoding = 4; lastKnownFileType = sourcecode.c.objc; path = BambooPanicViewController.m; sourceTree = "<group>"; };
		29B97316FDCFA39411CA2CEA /* main.m */ = {isa = PBXFileReference; fileEncoding = 4; lastKnownFileType = sourcecode.c.objc; path = main.m; sourceTree = "<group>"; };
		32CA4F630368D1EE00C91783 /* BambooPanic_Prefix.pch */ = {isa = PBXFileReference; fileEncoding = 4; lastKnownFileType = sourcecode.c.h; path = BambooPanic_Prefix.pch; sourceTree = "<group>"; };
		8D1107310486CEB800E47090 /* BambooPanic-Info.plist */ = {isa = PBXFileReference; fileEncoding = 4; lastKnownFileType = text.plist.xml; path = "BambooPanic-Info.plist"; plistStructureDefinitionIdentifier = "com.apple.xcode.plist.structure-definition.iphone.info-plist"; sourceTree = "<group>"; };
		FC1DDE5A105525D0005F38CA /* button1.png */ = {isa = PBXFileReference; lastKnownFileType = image.png; path = button1.png; sourceTree = "<group>"; };
		FC1DDE5C105525E0005F38CA /* button2.png */ = {isa = PBXFileReference; lastKnownFileType = image.png; path = button2.png; sourceTree = "<group>"; };
		FC2C08B3102AF4A4004D0DE3 /* hole_cover.png */ = {isa = PBXFileReference; lastKnownFileType = image.png; path = hole_cover.png; sourceTree = "<group>"; };
		FC2C08B5102AF4BB004D0DE3 /* man01.png */ = {isa = PBXFileReference; lastKnownFileType = image.png; path = man01.png; sourceTree = "<group>"; };
		FC2D2D2E104BE550003E5DCF /* help.png */ = {isa = PBXFileReference; lastKnownFileType = image.png; path = help.png; sourceTree = "<group>"; };
		FC2D2D30104BE55E003E5DCF /* info.png */ = {isa = PBXFileReference; lastKnownFileType = image.png; path = info.png; sourceTree = "<group>"; };
		FC2D800B1039568B00623790 /* splash.png */ = {isa = PBXFileReference; lastKnownFileType = image.png; path = splash.png; sourceTree = "<group>"; };
		FC2D803A1039600400623790 /* menu.png */ = {isa = PBXFileReference; lastKnownFileType = image.png; path = menu.png; sourceTree = "<group>"; };
		FC31BF08103EA80900D1060C /* swish.wav */ = {isa = PBXFileReference; lastKnownFileType = audio.wav; path = swish.wav; sourceTree = "<group>"; };
		FC31BF10103EA99E00D1060C /* step.wav */ = {isa = PBXFileReference; lastKnownFileType = audio.wav; path = step.wav; sourceTree = "<group>"; };
		FCDF593610454DEF0015FDFF /* bamboo.ttf */ = {isa = PBXFileReference; lastKnownFileType = file; path = bamboo.ttf; sourceTree = "<group>"; };
		FCEA06AF102C3564002A2267 /* Icon.png */ = {isa = PBXFileReference; lastKnownFileType = image.png; path = Icon.png; sourceTree = "<group>"; };
		FCEA06C1102C388A002A2267 /* fall.wav */ = {isa = PBXFileReference; lastKnownFileType = audio.wav; path = fall.wav; sourceTree = "<group>"; };
		FCEA06EA102C3B07002A2267 /* LittleMan.h */ = {isa = PBXFileReference; fileEncoding = 4; lastKnownFileType = sourcecode.c.h; path = LittleMan.h; sourceTree = "<group>"; };
		FCEA0710102C3EB8002A2267 /* LittleMan.m */ = {isa = PBXFileReference; fileEncoding = 4; lastKnownFileType = sourcecode.c.objc; path = LittleMan.m; sourceTree = "<group>"; };
		FCEA08E5102D912F002A2267 /* man02.png */ = {isa = PBXFileReference; lastKnownFileType = image.png; path = man02.png; sourceTree = "<group>"; };
		FCEA1E98102AEFC800D2E018 /* tick.wav */ = {isa = PBXFileReference; lastKnownFileType = audio.wav; path = tick.wav; sourceTree = "<group>"; };
		FCEA1E9A102AEFEC00D2E018 /* tock.wav */ = {isa = PBXFileReference; lastKnownFileType = audio.wav; path = tock.wav; sourceTree = "<group>"; };
		FCEA1EA7102AF02C00D2E018 /* SoundEffect.h */ = {isa = PBXFileReference; fileEncoding = 4; lastKnownFileType = sourcecode.c.h; path = SoundEffect.h; sourceTree = "<group>"; };
		FCEA1EA8102AF02C00D2E018 /* SoundEffect.m */ = {isa = PBXFileReference; fileEncoding = 4; lastKnownFileType = sourcecode.c.objc; path = SoundEffect.m; sourceTree = "<group>"; };
		FCEA1EB9102AF0D700D2E018 /* AudioToolbox.framework */ = {isa = PBXFileReference; lastKnownFileType = wrapper.framework; name = AudioToolbox.framework; path = /System/Library/Frameworks/AudioToolbox.framework; sourceTree = "<absolute>"; };
		FCEA1EE3102AF2AE00D2E018 /* background.png */ = {isa = PBXFileReference; lastKnownFileType = image.png; path = background.png; sourceTree = "<group>"; };
/* End PBXFileReference section */

/* Begin PBXFrameworksBuildPhase section */
		1D60588F0D05DD3D006BFB54 /* Frameworks */ = {
			isa = PBXFrameworksBuildPhase;
			buildActionMask = 2147483647;
			files = (
				1D60589F0D05DD5A006BFB54 /* Foundation.framework in Frameworks */,
				1DF5F4E00D08C38300B7A737 /* UIKit.framework in Frameworks */,
				288765A50DF7441C002DB57D /* CoreGraphics.framework in Frameworks */,
				FCEA1EBA102AF0D700D2E018 /* AudioToolbox.framework in Frameworks */,
			);
			runOnlyForDeploymentPostprocessing = 0;
		};
/* End PBXFrameworksBuildPhase section */

/* Begin PBXGroup section */
		080E96DDFE201D6D7F000001 /* Classes */ = {
			isa = PBXGroup;
			children = (
				1D3623240D0F684500981E51 /* BambooPanicAppDelegate.h */,
				1D3623250D0F684500981E51 /* BambooPanicAppDelegate.m */,
				28D7ACF60DDB3853001CB0EB /* BambooPanicViewController.h */,
				28D7ACF70DDB3853001CB0EB /* BambooPanicViewController.m */,
				FCEA1EA7102AF02C00D2E018 /* SoundEffect.h */,
				FCEA1EA8102AF02C00D2E018 /* SoundEffect.m */,
				FCEA06EA102C3B07002A2267 /* LittleMan.h */,
				FCEA0710102C3EB8002A2267 /* LittleMan.m */,
			);
			path = Classes;
			sourceTree = "<group>";
		};
		19C28FACFE9D520D11CA2CBB /* Products */ = {
			isa = PBXGroup;
			children = (
				1D6058910D05DD3D006BFB54 /* BambooPanic.app */,
			);
			name = Products;
			sourceTree = "<group>";
		};
		29B97314FDCFA39411CA2CEA /* CustomTemplate */ = {
			isa = PBXGroup;
			children = (
				080E96DDFE201D6D7F000001 /* Classes */,
				29B97315FDCFA39411CA2CEA /* Other Sources */,
				29B97317FDCFA39411CA2CEA /* Resources */,
				29B97323FDCFA39411CA2CEA /* Frameworks */,
				19C28FACFE9D520D11CA2CBB /* Products */,
			);
			name = CustomTemplate;
			sourceTree = "<group>";
		};
		29B97315FDCFA39411CA2CEA /* Other Sources */ = {
			isa = PBXGroup;
			children = (
				32CA4F630368D1EE00C91783 /* BambooPanic_Prefix.pch */,
				29B97316FDCFA39411CA2CEA /* main.m */,
			);
			name = "Other Sources";
			sourceTree = "<group>";
		};
		29B97317FDCFA39411CA2CEA /* Resources */ = {
			isa = PBXGroup;
			children = (
				FC1DDE5C105525E0005F38CA /* button2.png */,
				FC1DDE5A105525D0005F38CA /* button1.png */,
				FC2D2D30104BE55E003E5DCF /* info.png */,
				FC2D2D2E104BE550003E5DCF /* help.png */,
				FCDF593610454DEF0015FDFF /* bamboo.ttf */,
				FC31BF10103EA99E00D1060C /* step.wav */,
				FC31BF08103EA80900D1060C /* swish.wav */,
				FC2D803A1039600400623790 /* menu.png */,
				FC2D800B1039568B00623790 /* splash.png */,
				FCEA08E5102D912F002A2267 /* man02.png */,
				FCEA06C1102C388A002A2267 /* fall.wav */,
				FCEA06AF102C3564002A2267 /* Icon.png */,
				FC2C08B5102AF4BB004D0DE3 /* man01.png */,
				FC2C08B3102AF4A4004D0DE3 /* hole_cover.png */,
				FCEA1EE3102AF2AE00D2E018 /* background.png */,
				FCEA1E9A102AEFEC00D2E018 /* tock.wav */,
				FCEA1E98102AEFC800D2E018 /* tick.wav */,
				2899E5210DE3E06400AC0155 /* BambooPanicViewController.xib */,
				28AD733E0D9D9553002E5188 /* MainWindow.xib */,
				8D1107310486CEB800E47090 /* BambooPanic-Info.plist */,
			);
			name = Resources;
			sourceTree = "<group>";
		};
		29B97323FDCFA39411CA2CEA /* Frameworks */ = {
			isa = PBXGroup;
			children = (
				FCEA1EB9102AF0D700D2E018 /* AudioToolbox.framework */,
				1DF5F4DF0D08C38300B7A737 /* UIKit.framework */,
				1D30AB110D05D00D00671497 /* Foundation.framework */,
				288765A40DF7441C002DB57D /* CoreGraphics.framework */,
			);
			name = Frameworks;
			sourceTree = "<group>";
		};
/* End PBXGroup section */

/* Begin PBXNativeTarget section */
		1D6058900D05DD3D006BFB54 /* BambooPanic */ = {
			isa = PBXNativeTarget;
			buildConfigurationList = 1D6058960D05DD3E006BFB54 /* Build configuration list for PBXNativeTarget "BambooPanic" */;
			buildPhases = (
				1D60588D0D05DD3D006BFB54 /* Resources */,
				1D60588E0D05DD3D006BFB54 /* Sources */,
				1D60588F0D05DD3D006BFB54 /* Frameworks */,
			);
			buildRules = (
			);
			dependencies = (
			);
			name = BambooPanic;
			productName = BambooPanic;
			productReference = 1D6058910D05DD3D006BFB54 /* BambooPanic.app */;
			productType = "com.apple.product-type.application";
		};
/* End PBXNativeTarget section */

/* Begin PBXProject section */
		29B97313FDCFA39411CA2CEA /* Project object */ = {
			isa = PBXProject;
			attributes = {
			};
			buildConfigurationList = C01FCF4E08A954540054247B /* Build configuration list for PBXProject "BambooPanic" */;
			compatibilityVersion = "Xcode 3.1";
			developmentRegion = English;
			hasScannedForEncodings = 1;
			knownRegions = (
				en,
			);
			mainGroup = 29B97314FDCFA39411CA2CEA /* CustomTemplate */;
			projectDirPath = "";
			projectRoot = "";
			targets = (
				1D6058900D05DD3D006BFB54 /* BambooPanic */,
			);
		};
/* End PBXProject section */

/* Begin PBXResourcesBuildPhase section */
		1D60588D0D05DD3D006BFB54 /* Resources */ = {
			isa = PBXResourcesBuildPhase;
			buildActionMask = 2147483647;
			files = (
				28AD733F0D9D9553002E5188 /* MainWindow.xib in Resources */,
				2899E5220DE3E06400AC0155 /* BambooPanicViewController.xib in Resources */,
				FCEA1E99102AEFC800D2E018 /* tick.wav in Resources */,
				FCEA1E9B102AEFEC00D2E018 /* tock.wav in Resources */,
				FCEA1EE4102AF2AE00D2E018 /* background.png in Resources */,
				FC2C08B4102AF4A4004D0DE3 /* hole_cover.png in Resources */,
				FC2C08B6102AF4BB004D0DE3 /* man01.png in Resources */,
				FCEA06B0102C3564002A2267 /* Icon.png in Resources */,
				FCEA06C2102C388A002A2267 /* fall.wav in Resources */,
				FCEA08E6102D912F002A2267 /* man02.png in Resources */,
				FC2D800C1039568B00623790 /* splash.png in Resources */,
				FC2D803B1039600400623790 /* menu.png in Resources */,
				FC31BF09103EA80900D1060C /* swish.wav in Resources */,
				FC31BF11103EA99E00D1060C /* step.wav in Resources */,
				FCDF593710454DEF0015FDFF /* bamboo.ttf in Resources */,
				FC2D2D2F104BE550003E5DCF /* help.png in Resources */,
				FC2D2D31104BE55E003E5DCF /* info.png in Resources */,
				FC1DDE5B105525D0005F38CA /* button1.png in Resources */,
				FC1DDE5D105525E0005F38CA /* button2.png in Resources */,
			);
			runOnlyForDeploymentPostprocessing = 0;
		};
/* End PBXResourcesBuildPhase section */

/* Begin PBXSourcesBuildPhase section */
		1D60588E0D05DD3D006BFB54 /* Sources */ = {
			isa = PBXSourcesBuildPhase;
			buildActionMask = 2147483647;
			files = (
				1D60589B0D05DD56006BFB54 /* main.m in Sources */,
				1D3623260D0F684500981E51 /* BambooPanicAppDelegate.m in Sources */,
				28D7ACF80DDB3853001CB0EB /* BambooPanicViewController.m in Sources */,
				FCEA1EA9102AF02C00D2E018 /* SoundEffect.m in Sources */,
				FCEA0711102C3EB8002A2267 /* LittleMan.m in Sources */,
			);
			runOnlyForDeploymentPostprocessing = 0;
		};
/* End PBXSourcesBuildPhase section */

/* Begin XCBuildConfiguration section */
		1D6058940D05DD3E006BFB54 /* Debug */ = {
			isa = XCBuildConfiguration;
			buildSettings = {
				ALWAYS_SEARCH_USER_PATHS = NO;
				COPY_PHASE_STRIP = NO;
				GCC_DYNAMIC_NO_PIC = NO;
				GCC_OPTIMIZATION_LEVEL = 0;
				GCC_PRECOMPILE_PREFIX_HEADER = YES;
				GCC_PREFIX_HEADER = BambooPanic_Prefix.pch;
				INFOPLIST_FILE = "BambooPanic-Info.plist";
				IPHONEOS_DEPLOYMENT_TARGET = 9.0;
				PRODUCT_NAME = BambooPanic;
				TARGETED_DEVICE_FAMILY = 1;
			};
			name = Debug;
		};
		1D6058950D05DD3E006BFB54 /* Release */ = {
			isa = XCBuildConfiguration;
			buildSettings = {
				ALWAYS_SEARCH_USER_PATHS = NO;
				COPY_PHASE_STRIP = YES;
				GCC_PRECOMPILE_PREFIX_HEADER = YES;
				GCC_PREFIX_HEADER = BambooPanic_Prefix.pch;
				INFOPLIST_FILE = "BambooPanic-Info.plist";
				IPHONEOS_DEPLOYMENT_TARGET = 9.0;
				PRODUCT_NAME = BambooPanic;
				TARGETED_DEVICE_FAMILY = 1;
			};
			name = Release;
		};
		C01FCF4F08A954540054247B /* Debug */ = {
			isa = XCBuildConfiguration;
			buildSettings = {
				ARCHS = "$(ARCHS_STANDARD_32_BIT)";
				"CODE_SIGN_IDENTITY[sdk=iphoneos*]" = "iPhone Developer";
				GCC_C_LANGUAGE_STANDARD = c99;
				GCC_WARN_ABOUT_RETURN_TYPE = YES;
				GCC_WARN_UNUSED_VARIABLE = YES;
				PREBINDING = NO;
				SDKROOT = iphoneos3.0;
			};
			name = Debug;
		};
		C01FCF5008A954540054247B /* Release */ = {
			isa = XCBuildConfiguration;
			buildSettings = {
				ARCHS = "$(ARCHS_STANDARD_32_BIT)";
				"CODE_SIGN_IDENTITY[sdk=iphoneos*]" = "iPhone Developer";
				GCC_C_LANGUAGE_STANDARD = c99;
				GCC_WARN_ABOUT_RETURN_TYPE = YES;
				GCC_WARN_UNUSED_VARIABLE = YES;
				PREBINDING = NO;
				SDKROOT = iphoneos3.0;
			};
			name = Release;
		};
/* End XCBuildConfiguration section */

/* Begin XCConfigurationList section */
		1D6058960D05DD3E006BFB54 /* Build configuration list for PBXNativeTarget "BambooPanic" */ = {
			isa = XCConfigurationList;
			buildConfigurations = (
				1D6058940D05DD3E006BFB54 /* Debug */,
				1D6058950D05DD3E006BFB54 /* Release */,
			);
			defaultConfigurationIsVisible = 0;
			defaultConfigurationName = Release;
		};
		C01FCF4E08A954540054247B /* Build configuration list for PBXProject "BambooPanic" */ = {
			isa = XCConfigurationList;
			buildConfigurations = (
				C01FCF4F08A954540054247B /* Debug */,
				C01FCF5008A954540054247B /* Release */,
			);
			defaultConfigurationIsVisible = 0;
			defaultConfigurationName = Release;
		};
/* End XCConfigurationList section */
	};
	rootObject = 29B97313FDCFA39411CA2CEA /* Project object */;
}
